
Microsoft Visual Studio Solution File, Format Version 12.00
# Visual Studio Version 16
VisualStudioVersion = 16.0.31112.23
MinimumVisualStudioVersion = 10.0.40219.1
Project("{9A19103F-16F7-4668-BE54-9A1E7A4F7556}") = "MetricsManager", "MetricsManager\MetricsManager.csproj", "{260C1DF9-BEE9-401C-87B8-5B0D8EB68644}"
EndProject
Project("{9A19103F-16F7-4668-BE54-9A1E7A4F7556}") = "MetricsManagerTests", "MetricsManagerTests\MetricsManagerTests.csproj", "{7D159825-D802-4C40-9DB1-653C12FF6D9D}"
EndProject
Project("{9A19103F-16F7-4668-BE54-9A1E7A4F7556}") = "AgentsController", "AgentsController\AgentsController.csproj", "{9E836B69-379D-4EF4-819E-67F209496610}"
EndProject
Project("{FAE04EC0-301F-11D3-BF4B-00C04F79EFBC}") = "AgentsControllerTests", "AgentsControllerTests\AgentsControllerTests.csproj", "{D0BB30F3-0F4E-4BF7-9764-D2E740F5F288}"
EndProject
Global
	GlobalSection(SolutionConfigurationPlatforms) = preSolution
		Debug|Any CPU = Debug|Any CPU
		Release|Any CPU = Release|Any CPU
	EndGlobalSection
	GlobalSection(ProjectConfigurationPlatforms) = postSolution
		{260C1DF9-BEE9-401C-87B8-5B0D8EB68644}.Debug|Any CPU.ActiveCfg = Debug|Any CPU
		{260C1DF9-BEE9-401C-87B8-5B0D8EB68644}.Debug|Any CPU.Build.0 = Debug|Any CPU
		{260C1DF9-BEE9-401C-87B8-5B0D8EB68644}.Release|Any CPU.ActiveCfg = Release|Any CPU
		{260C1DF9-BEE9-401C-87B8-5B0D8EB68644}.Release|Any CPU.Build.0 = Release|Any CPU
		{7D159825-D802-4C40-9DB1-653C12FF6D9D}.Debug|Any CPU.ActiveCfg = Debug|Any CPU
		{7D159825-D802-4C40-9DB1-653C12FF6D9D}.Debug|Any CPU.Build.0 = Debug|Any CPU
		{7D159825-D802-4C40-9DB1-653C12FF6D9D}.Release|Any CPU.ActiveCfg = Release|Any CPU
		{7D159825-D802-4C40-9DB1-653C12FF6D9D}.Release|Any CPU.Build.0 = Release|Any CPU
		{9E836B69-379D-4EF4-819E-67F209496610}.Debug|Any CPU.ActiveCfg = Debug|Any CPU
		{9E836B69-379D-4EF4-819E-67F209496610}.Debug|Any CPU.Build.0 = Debug|Any CPU
		{9E836B69-379D-4EF4-819E-67F209496610}.Release|Any CPU.ActiveCfg = Release|Any CPU
		{9E836B69-379D-4EF4-819E-67F209496610}.Release|Any CPU.Build.0 = Release|Any CPU
		{D0BB30F3-0F4E-4BF7-9764-D2E740F5F288}.Debug|Any CPU.ActiveCfg = Debug|Any CPU
		{D0BB30F3-0F4E-4BF7-9764-D2E740F5F288}.Debug|Any CPU.Build.0 = Debug|Any CPU
		{D0BB30F3-0F4E-4BF7-9764-D2E740F5F288}.Release|Any CPU.ActiveCfg = Release|Any CPU
		{D0BB30F3-0F4E-4BF7-9764-D2E740F5F288}.Release|Any CPU.Build.0 = Release|Any CPU
	EndGlobalSection
	GlobalSection(SolutionProperties) = preSolution
		HideSolutionNode = FALSE
	EndGlobalSection
	GlobalSection(ExtensibilityGlobals) = postSolution
		SolutionGuid = {66781830-283C-4CA9-B2F6-5383E857D2BD}
	EndGlobalSection
EndGlobal
